// !$*UTF8*$!
{
	archiveVersion = 1;
	classes = {
	};
	objectVersion = 56;
	objects = {

/* Begin PBXBuildFile section */
		8506B7C42BDC599A00E120E1 /* AppDelegate.swift in Sources */ = {isa = PBXBuildFile; fileRef = 8506B7C32BDC599A00E120E1 /* AppDelegate.swift */; };
		8506B7C62BDC599A00E120E1 /* SceneDelegate.swift in Sources */ = {isa = PBXBuildFile; fileRef = 8506B7C52BDC599A00E120E1 /* SceneDelegate.swift */; };
		8506B7C82BDC599A00E120E1 /* ViewController.swift in Sources */ = {isa = PBXBuildFile; fileRef = 8506B7C72BDC599A00E120E1 /* ViewController.swift */; };
		8506B7CB2BDC599A00E120E1 /* Base in Resources */ = {isa = PBXBuildFile; fileRef = 8506B7CA2BDC599A00E120E1 /* Base */; };
		8506B7CD2BDC599D00E120E1 /* Assets.xcassets in Resources */ = {isa = PBXBuildFile; fileRef = 8506B7CC2BDC599D00E120E1 /* Assets.xcassets */; };
		8506B7D02BDC599D00E120E1 /* Base in Resources */ = {isa = PBXBuildFile; fileRef = 8506B7CF2BDC599D00E120E1 /* Base */; };
		859BEB412BDDADEC004EC54F /* Boxcarclassifier2.mlmodel in Sources */ = {isa = PBXBuildFile; fileRef = 859BEB402BDDADEC004EC54F /* Boxcarclassifier2.mlmodel */; };
/* End PBXBuildFile section */

/* Begin PBXFileReference section */
		8506B7C02BDC599A00E120E1 /* MAD_Grad_Bandi_Divya_Sravani.app */ = {isa = PBXFileReference; explicitFileType = wrapper.application; includeInIndex = 0; path = MAD_Grad_Bandi_Divya_Sravani.app; sourceTree = BUILT_PRODUCTS_DIR; };
		8506B7C32BDC599A00E120E1 /* AppDelegate.swift */ = {isa = PBXFileReference; lastKnownFileType = sourcecode.swift; path = AppDelegate.swift; sourceTree = "<group>"; };
		8506B7C52BDC599A00E120E1 /* SceneDelegate.swift */ = {isa = PBXFileReference; lastKnownFileType = sourcecode.swift; path = SceneDelegate.swift; sourceTree = "<group>"; };
		8506B7C72BDC599A00E120E1 /* ViewController.swift */ = {isa = PBXFileReference; lastKnownFileType = sourcecode.swift; path = ViewController.swift; sourceTree = "<group>"; };
		8506B7CA2BDC599A00E120E1 /* Base */ = {isa = PBXFileReference; lastKnownFileType = file.storyboard; name = Base; path = Base.lproj/Main.storyboard; sourceTree = "<group>"; };
		8506B7CC2BDC599D00E120E1 /* Assets.xcassets */ = {isa = PBXFileReference; lastKnownFileType = folder.assetcatalog; path = Assets.xcassets; sourceTree = "<group>"; };
		8506B7CF2BDC599D00E120E1 /* Base */ = {isa = PBXFileReference; lastKnownFileType = file.storyboard; name = Base; path = Base.lproj/LaunchScreen.storyboard; sourceTree = "<group>"; };
		8506B7D12BDC599D00E120E1 /* Info.plist */ = {isa = PBXFileReference; lastKnownFileType = text.plist.xml; path = Info.plist; sourceTree = "<group>"; };
		859BEB402BDDADEC004EC54F /* Boxcarclassifier2.mlmodel */ = {isa = PBXFileReference; lastKnownFileType = file.mlmodel; path = Boxcarclassifier2.mlmodel; sourceTree = SOURCE_ROOT; };
/* End PBXFileReference section */

/* Begin PBXFrameworksBuildPhase section */
		8506B7BD2BDC599A00E120E1 /* Frameworks */ = {
			isa = PBXFrameworksBuildPhase;
			buildActionMask = 2147483647;
			files = (
			);
			runOnlyForDeploymentPostprocessing = 0;
		};
/* End PBXFrameworksBuildPhase section */

/* Begin PBXGroup section */
		8506B7B72BDC599A00E120E1 = {
			isa = PBXGroup;
			children = (
				8506B7C22BDC599A00E120E1 /* MAD_Grad_Bandi_Divya_Sravani */,
				8506B7C12BDC599A00E120E1 /* Products */,
			);
			sourceTree = "<group>";
		};
		8506B7C12BDC599A00E120E1 /* Products */ = {
			isa = PBXGroup;
			children = (
				8506B7C02BDC599A00E120E1 /* MAD_Grad_Bandi_Divya_Sravani.app */,
			);
			name = Products;
			sourceTree = "<group>";
		};
		8506B7C22BDC599A00E120E1 /* MAD_Grad_Bandi_Divya_Sravani */ = {
			isa = PBXGroup;
			children = (
				8506B7C32BDC599A00E120E1 /* AppDelegate.swift */,
				8506B7C52BDC599A00E120E1 /* SceneDelegate.swift */,
				8506B7C72BDC599A00E120E1 /* ViewController.swift */,
				859BEB402BDDADEC004EC54F /* Boxcarclassifier2.mlmodel */,
				8506B7C92BDC599A00E120E1 /* Main.storyboard */,
				8506B7CC2BDC599D00E120E1 /* Assets.xcassets */,
				8506B7CE2BDC599D00E120E1 /* LaunchScreen.storyboard */,
				8506B7D12BDC599D00E120E1 /* Info.plist */,
			);
			path = MAD_Grad_Bandi_Divya_Sravani;
			sourceTree = "<group>";
		};
/* End PBXGroup section */

/* Begin PBXNativeTarget section */
		8506B7BF2BDC599A00E120E1 /* MAD_Grad_Bandi_Divya_Sravani */ = {
			isa = PBXNativeTarget;
			buildConfigurationList = 8506B7D42BDC599D00E120E1 /* Build configuration list for PBXNativeTarget "MAD_Grad_Bandi_Divya_Sravani" */;
			buildPhases = (
				8506B7BC2BDC599A00E120E1 /* Sources */,
				8506B7BD2BDC599A00E120E1 /* Frameworks */,
				8506B7BE2BDC599A00E120E1 /* Resources */,
			);
			buildRules = (
			);
			dependencies = (
			);
			name = MAD_Grad_Bandi_Divya_Sravani;
			productName = MAD_Grad_Bandi_Divya_Sravani;
			productReference = 8506B7C02BDC599A00E120E1 /* MAD_Grad_Bandi_Divya_Sravani.app */;
			productType = "com.apple.product-type.application";
		};
/* End PBXNativeTarget section */

/* Begin PBXProject section */
		8506B7B82BDC599A00E120E1 /* Project object */ = {
			isa = PBXProject;
			attributes = {
				BuildIndependentTargetsInParallel = 1;
				LastSwiftUpdateCheck = 1530;
				LastUpgradeCheck = 1530;
				TargetAttributes = {
					8506B7BF2BDC599A00E120E1 = {
						CreatedOnToolsVersion = 15.3;
					};
				};
			};
			buildConfigurationList = 8506B7BB2BDC599A00E120E1 /* Build configuration list for PBXProject "MAD_Grad_Bandi_Divya_Sravani" */;
			compatibilityVersion = "Xcode 14.0";
			developmentRegion = en;
			hasScannedForEncodings = 0;
			knownRegions = (
				en,
				Base,
			);
			mainGroup = 8506B7B72BDC599A00E120E1;
			productRefGroup = 8506B7C12BDC599A00E120E1 /* Products */;
			projectDirPath = "";
			projectRoot = "";
			targets = (
				8506B7BF2BDC599A00E120E1 /* MAD_Grad_Bandi_Divya_Sravani */,
			);
		};
/* End PBXProject section */

/* Begin PBXResourcesBuildPhase section */
		8506B7BE2BDC599A00E120E1 /* Resources */ = {
			isa = PBXResourcesBuildPhase;
			buildActionMask = 2147483647;
			files = (
				8506B7CD2BDC599D00E120E1 /* Assets.xcassets in Resources */,
				8506B7D02BDC599D00E120E1 /* Base in Resources */,
				8506B7CB2BDC599A00E120E1 /* Base in Resources */,
			);
			runOnlyForDeploymentPostprocessing = 0;
		};
/* End PBXResourcesBuildPhase section */

/* Begin PBXSourcesBuildPhase section */
		8506B7BC2BDC599A00E120E1 /* Sources */ = {
			isa = PBXSourcesBuildPhase;
			buildActionMask = 2147483647;
			files = (
				8506B7C82BDC599A00E120E1 /* ViewController.swift in Sources */,
				8506B7C42BDC599A00E120E1 /* AppDelegate.swift in Sources */,
				8506B7C62BDC599A00E120E1 /* SceneDelegate.swift in Sources */,
				859BEB412BDDADEC004EC54F /* Boxcarclassifier2.mlmodel in Sources */,
			);
			runOnlyForDeploymentPostprocessing = 0;
		};
/* End PBXSourcesBuildPhase section */

/* Begin PBXVariantGroup section */
		8506B7C92BDC599A00E120E1 /* Main.storyboard */ = {
			isa = PBXVariantGroup;
			children = (
				8506B7CA2BDC599A00E120E1 /* Base */,
			);
			name = Main.storyboard;
			sourceTree = "<group>";
		};
		8506B7CE2BDC599D00E120E1 /* LaunchScreen.storyboard */ = {
			isa = PBXVariantGroup;
			children = (
				8506B7CF2BDC599D00E120E1 /* Base */,
			);
			name = LaunchScreen.storyboard;
			sourceTree = "<group>";
		};
/* End PBXVariantGroup section */

/* Begin XCBuildConfiguration section */
		8506B7D22BDC599D00E120E1 /* Debug */ = {
			isa = XCBuildConfiguration;
			buildSettings = {
				ALWAYS_SEARCH_USER_PATHS = NO;
				ASSETCATALOG_COMPILER_GENERATE_SWIFT_ASSET_SYMBOL_EXTENSIONS = YES;
				CLANG_ANALYZER_NONNULL = YES;
				CLANG_ANALYZER_NUMBER_OBJECT_CONVERSION = YES_AGGRESSIVE;
				CLANG_CXX_LANGUAGE_STANDARD = "gnu++20";
				CLANG_ENABLE_MODULES = YES;
				CLANG_ENABLE_OBJC_ARC = YES;
				CLANG_ENABLE_OBJC_WEAK = YES;
				CLANG_WARN_BLOCK_CAPTURE_AUTORELEASING = YES;
				CLANG_WARN_BOOL_CONVERSION = YES;
				CLANG_WARN_COMMA = YES;
				CLANG_WARN_CONSTANT_CONVERSION = YES;
				CLANG_WARN_DEPRECATED_OBJC_IMPLEMENTATIONS = YES;
				CLANG_WARN_DIRECT_OBJC_ISA_USAGE = YES_ERROR;
				CLANG_WARN_DOCUMENTATION_COMMENTS = YES;
				CLANG_WARN_EMPTY_BODY = YES;
				CLANG_WARN_ENUM_CONVERSION = YES;
				CLANG_WARN_INFINITE_RECURSION = YES;
				CLANG_WARN_INT_CONVERSION = YES;
				CLANG_WARN_NON_LITERAL_NULL_CONVERSION = YES;
				CLANG_WARN_OBJC_IMPLICIT_RETAIN_SELF = YES;
				CLANG_WARN_OBJC_LITERAL_CONVERSION = YES;
				CLANG_WARN_OBJC_ROOT_CLASS = YES_ERROR;
				CLANG_WARN_QUOTED_INCLUDE_IN_FRAMEWORK_HEADER = YES;
				CLANG_WARN_RANGE_LOOP_ANALYSIS = YES;
				CLANG_WARN_STRICT_PROTOTYPES = YES;
				CLANG_WARN_SUSPICIOUS_MOVE = YES;
				CLANG_WARN_UNGUARDED_AVAILABILITY = YES_AGGRESSIVE;
				CLANG_WARN_UNREACHABLE_CODE = YES;
				CLANG_WARN__DUPLICATE_METHOD_MATCH = YES;
				COPY_PHASE_STRIP = NO;
				DEBUG_INFORMATION_FORMAT = dwarf;
				ENABLE_STRICT_OBJC_MSGSEND = YES;
				ENABLE_TESTABILITY = YES;
				ENABLE_USER_SCRIPT_SANDBOXING = YES;
				GCC_C_LANGUAGE_STANDARD = gnu17;
				GCC_DYNAMIC_NO_PIC = NO;
				GCC_NO_COMMON_BLOCKS = YES;
				GCC_OPTIMIZATION_LEVEL = 0;
				GCC_PREPROCESSOR_DEFINITIONS = (
					"DEBUG=1",
					"$(inherited)",
				);
				GCC_WARN_64_TO_32_BIT_CONVERSION = YES;
				GCC_WARN_ABOUT_RETURN_TYPE = YES_ERROR;
				GCC_WARN_UNDECLARED_SELECTOR = YES;
				GCC_WARN_UNINITIALIZED_AUTOS = YES_AGGRESSIVE;
				GCC_WARN_UNUSED_FUNCTION = YES;
				GCC_WARN_UNUSED_VARIABLE = YES;
				IPHONEOS_DEPLOYMENT_TARGET = 17.4;
				LOCALIZATION_PREFERS_STRING_CATALOGS = YES;
				MTL_ENABLE_DEBUG_INFO = INCLUDE_SOURCE;
				MTL_FAST_MATH = YES;
				ONLY_ACTIVE_ARCH = YES;
				SDKROOT = iphoneos;
				SWIFT_ACTIVE_COMPILATION_CONDITIONS = "DEBUG $(inherited)";
				SWIFT_OPTIMIZATION_LEVEL = "-Onone";
			};
			name = Debug;
		};
		8506B7D32BDC599D00E120E1 /* Release */ = {
			isa = XCBuildConfiguration;
			buildSettings = {
				ALWAYS_SEARCH_USER_PATHS = NO;
				ASSETCATALOG_COMPILER_GENERATE_SWIFT_ASSET_SYMBOL_EXTENSIONS = YES;
				CLANG_ANALYZER_NONNULL = YES;
				CLANG_ANALYZER_NUMBER_OBJECT_CONVERSION = YES_AGGRESSIVE;
				CLANG_CXX_LANGUAGE_STANDARD = "gnu++20";
				CLANG_ENABLE_MODULES = YES;
				CLANG_ENABLE_OBJC_ARC = YES;
				CLANG_ENABLE_OBJC_WEAK = YES;
				CLANG_WARN_BLOCK_CAPTURE_AUTORELEASING = YES;
				CLANG_WARN_BOOL_CONVERSION = YES;
				CLANG_WARN_COMMA = YES;
				CLANG_WARN_CONSTANT_CONVERSION = YES;
				CLANG_WARN_DEPRECATED_OBJC_IMPLEMENTATIONS = YES;
				CLANG_WARN_DIRECT_OBJC_ISA_USAGE = YES_ERROR;
				CLANG_WARN_DOCUMENTATION_COMMENTS = YES;
				CLANG_WARN_EMPTY_BODY = YES;
				CLANG_WARN_ENUM_CONVERSION = YES;
				CLANG_WARN_INFINITE_RECURSION = YES;
				CLANG_WARN_INT_CONVERSION = YES;
				CLANG_WARN_NON_LITERAL_NULL_CONVERSION = YES;
				CLANG_WARN_OBJC_IMPLICIT_RETAIN_SELF = YES;
				CLANG_WARN_OBJC_LITERAL_CONVERSION = YES;
				CLANG_WARN_OBJC_ROOT_CLASS = YES_ERROR;
				CLANG_WARN_QUOTED_INCLUDE_IN_FRAMEWORK_HEADER = YES;
				CLANG_WARN_RANGE_LOOP_ANALYSIS = YES;
				CLANG_WARN_STRICT_PROTOTYPES = YES;
				CLANG_WARN_SUSPICIOUS_MOVE = YES;
				CLANG_WARN_UNGUARDED_AVAILABILITY = YES_AGGRESSIVE;
				CLANG_WARN_UNREACHABLE_CODE = YES;
				CLANG_WARN__DUPLICATE_METHOD_MATCH = YES;
				COPY_PHASE_STRIP = NO;
				DEBUG_INFORMATION_FORMAT = "dwarf-with-dsym";
				ENABLE_NS_ASSERTIONS = NO;
				ENABLE_STRICT_OBJC_MSGSEND = YES;
				ENABLE_USER_SCRIPT_SANDBOXING = YES;
				GCC_C_LANGUAGE_STANDARD = gnu17;
				GCC_NO_COMMON_BLOCKS = YES;
				GCC_WARN_64_TO_32_BIT_CONVERSION = YES;
				GCC_WARN_ABOUT_RETURN_TYPE = YES_ERROR;
				GCC_WARN_UNDECLARED_SELECTOR = YES;
				GCC_WARN_UNINITIALIZED_AUTOS = YES_AGGRESSIVE;
				GCC_WARN_UNUSED_FUNCTION = YES;
				GCC_WARN_UNUSED_VARIABLE = YES;
				IPHONEOS_DEPLOYMENT_TARGET = 17.4;
				LOCALIZATION_PREFERS_STRING_CATALOGS = YES;
				MTL_ENABLE_DEBUG_INFO = NO;
				MTL_FAST_MATH = YES;
				SDKROOT = iphoneos;
				SWIFT_COMPILATION_MODE = wholemodule;
				VALIDATE_PRODUCT = YES;
			};
			name = Release;
		};
		8506B7D52BDC599D00E120E1 /* Debug */ = {
			isa = XCBuildConfiguration;
			buildSettings = {
				ASSETCATALOG_COMPILER_APPICON_NAME = AppIcon;
				ASSETCATALOG_COMPILER_GLOBAL_ACCENT_COLOR_NAME = AccentColor;
				CODE_SIGN_STYLE = Automatic;
				CURRENT_PROJECT_VERSION = 1;
				GENERATE_INFOPLIST_FILE = YES;
				INFOPLIST_FILE = MAD_Grad_Bandi_Divya_Sravani/Info.plist;
				INFOPLIST_KEY_UIApplicationSupportsIndirectInputEvents = YES;
				INFOPLIST_KEY_UILaunchStoryboardName = LaunchScreen;
				INFOPLIST_KEY_UIMainStoryboardFile = Main;
				INFOPLIST_KEY_UISupportedInterfaceOrientations_iPad = "UIInterfaceOrientationPortrait UIInterfaceOrientationPortraitUpsideDown UIInterfaceOrientationLandscapeLeft UIInterfaceOrientationLandscapeRight";
				INFOPLIST_KEY_UISupportedInterfaceOrientations_iPhone = "UIInterfaceOrientationPortrait UIInterfaceOrientationLandscapeLeft UIInterfaceOrientationLandscapeRight";
				LD_RUNPATH_SEARCH_PATHS = (
					"$(inherited)",
					"@executable_path/Frameworks",
				);
				MARKETING_VERSION = 1.0;
				PRODUCT_BUNDLE_IDENTIFIER = "kmjk.MAD-Grad-Bandi-Divya-Sravani";
				PRODUCT_NAME = "$(TARGET_NAME)";
				SWIFT_EMIT_LOC_STRINGS = YES;
				SWIFT_VERSION = 5.0;
				TARGETED_DEVICE_FAMILY = "1,2";
			};
			name = Debug;
		};
		8506B7D62BDC599D00E120E1 /* Release */ = {
			isa = XCBuildConfiguration;
			buildSettings = {
				ASSETCATALOG_COMPILER_APPICON_NAME = AppIcon;
				ASSETCATALOG_COMPILER_GLOBAL_ACCENT_COLOR_NAME = AccentColor;
				CODE_SIGN_STYLE = Automatic;
				CURRENT_PROJECT_VERSION = 1;
				GENERATE_INFOPLIST_FILE = YES;
				INFOPLIST_FILE = MAD_Grad_Bandi_Divya_Sravani/Info.plist;
				INFOPLIST_KEY_UIApplicationSupportsIndirectInputEvents = YES;
				INFOPLIST_KEY_UILaunchStoryboardName = LaunchScreen;
				INFOPLIST_KEY_UIMainStoryboardFile = Main;
				INFOPLIST_KEY_UISupportedInterfaceOrientations_iPad = "UIInterfaceOrientationPortrait UIInterfaceOrientationPortraitUpsideDown UIInterfaceOrientationLandscapeLeft UIInterfaceOrientationLandscapeRight";
				INFOPLIST_KEY_UISupportedInterfaceOrientations_iPhone = "UIInterfaceOrientationPortrait UIInterfaceOrientationLandscapeLeft UIInterfaceOrientationLandscapeRight";
				LD_RUNPATH_SEARCH_PATHS = (
					"$(inherited)",
					"@executable_path/Frameworks",
				);
				MARKETING_VERSION = 1.0;
				PRODUCT_BUNDLE_IDENTIFIER = "kmjk.MAD-Grad-Bandi-Divya-Sravani";
				PRODUCT_NAME = "$(TARGET_NAME)";
				SWIFT_EMIT_LOC_STRINGS = YES;
				SWIFT_VERSION = 5.0;
				TARGETED_DEVICE_FAMILY = "1,2";
			};
			name = Release;
		};
/* End XCBuildConfiguration section */

/* Begin XCConfigurationList section */
		8506B7BB2BDC599A00E120E1 /* Build configuration list for PBXProject "MAD_Grad_Bandi_Divya_Sravani" */ = {
			isa = XCConfigurationList;
			buildConfigurations = (
				8506B7D22BDC599D00E120E1 /* Debug */,
				8506B7D32BDC599D00E120E1 /* Release */,
			);
			defaultConfigurationIsVisible = 0;
			defaultConfigurationName = Release;
		};
		8506B7D42BDC599D00E120E1 /* Build configuration list for PBXNativeTarget "MAD_Grad_Bandi_Divya_Sravani" */ = {
			isa = XCConfigurationList;
			buildConfigurations = (
				8506B7D52BDC599D00E120E1 /* Debug */,
				8506B7D62BDC599D00E120E1 /* Release */,
			);
			defaultConfigurationIsVisible = 0;
			defaultConfigurationName = Release;
		};
/* End XCConfigurationList section */
	};
	rootObject = 8506B7B82BDC599A00E120E1 /* Project object */;
}
